
Microsoft Visual Studio Solution File, Format Version 12.00
Project("{FAE04EC0-301F-11D3-BF4B-00C04F79EFBC}") = "master-workshop-api", "master-workshop-api.csproj", "{29213C7D-F88B-4868-A067-F8C7184B4991}"
EndProject
Global
	GlobalSection(SolutionConfigurationPlatforms) = preSolution
		Debug|Any CPU = Debug|Any CPU
		Release|Any CPU = Release|Any CPU
	EndGlobalSection
	GlobalSection(ProjectConfigurationPlatforms) = postSolution
		{29213C7D-F88B-4868-A067-F8C7184B4991}.Debug|Any CPU.ActiveCfg = Debug|Any CPU
		{29213C7D-F88B-4868-A067-F8C7184B4991}.Debug|Any CPU.Build.0 = Debug|Any CPU
		{29213C7D-F88B-4868-A067-F8C7184B4991}.Release|Any CPU.ActiveCfg = Release|Any CPU
		{29213C7D-F88B-4868-A067-F8C7184B4991}.Release|Any CPU.Build.0 = Release|Any CPU
	EndGlobalSection
EndGlobal
